// !$*UTF8*$!
{
	archiveVersion = 1;
	classes = {
	};
	objectVersion = 46;
	objects = {

/* Begin PBXBuildFile section */
		592FBFAA1E59D0F100209964 /* String +AddText.swift in Sources */ = {isa = PBXBuildFile; fileRef = 592FBFA91E59D0F100209964 /* String +AddText.swift */; };
		592FBFAC1E59E1F000209964 /* MyTabBarController.swift in Sources */ = {isa = PBXBuildFile; fileRef = 592FBFAB1E59E1F000209964 /* MyTabBarController.swift */; };
		592FBFAE1E59E2B500209964 /* MyNavigationController.swift in Sources */ = {isa = PBXBuildFile; fileRef = 592FBFAD1E59E2B500209964 /* MyNavigationController.swift */; };
		592FBFB01E59E32300209964 /* MyImagePickerController.swift in Sources */ = {isa = PBXBuildFile; fileRef = 592FBFAF1E59E32300209964 /* MyImagePickerController.swift */; };
		593813FC1E44B63A000EC10B /* LocationDetailsViewController.swift in Sources */ = {isa = PBXBuildFile; fileRef = 593813FB1E44B63A000EC10B /* LocationDetailsViewController.swift */; };
		59457AEC1E55F021001254C8 /* MapKit.framework in Frameworks */ = {isa = PBXBuildFile; fileRef = 59457AEB1E55F021001254C8 /* MapKit.framework */; };
		59457AEE1E55F101001254C8 /* MapViewController.swift in Sources */ = {isa = PBXBuildFile; fileRef = 59457AED1E55F101001254C8 /* MapViewController.swift */; };
		59572E371E50BB8400A6FFFC /* DataModel.xcdatamodeld in Sources */ = {isa = PBXBuildFile; fileRef = 59572E351E50BB8400A6FFFC /* DataModel.xcdatamodeld */; };
		5973CE601E4243710005EB1D /* Main.storyboard in Resources */ = {isa = PBXBuildFile; fileRef = 5973CE5E1E4243710005EB1D /* Main.storyboard */; };
		5973CE621E4243710005EB1D /* Assets.xcassets in Resources */ = {isa = PBXBuildFile; fileRef = 5973CE611E4243710005EB1D /* Assets.xcassets */; };
		59B19C3B1E59C47100FA16AE /* UIImage+Resize.swift in Sources */ = {isa = PBXBuildFile; fileRef = 59B19C3A1E59C47100FA16AE /* UIImage+Resize.swift */; };
		59BFF3191E4B5D9900E7ADB9 /* HudView.swift in Sources */ = {isa = PBXBuildFile; fileRef = 59BFF3181E4B5D9900E7ADB9 /* HudView.swift */; };
		59CE5A501E508F7B005C4707 /* Functions.swift in Sources */ = {isa = PBXBuildFile; fileRef = 59CE5A4F1E508F7B005C4707 /* Functions.swift */; };
		59CE5A5A1E50B575005C4707 /* Location+CoreDataClass.swift in Sources */ = {isa = PBXBuildFile; fileRef = 59CE5A581E50B575005C4707 /* Location+CoreDataClass.swift */; };
		59CE5A5B1E50B575005C4707 /* Location+CoreDataProperties.swift in Sources */ = {isa = PBXBuildFile; fileRef = 59CE5A591E50B575005C4707 /* Location+CoreDataProperties.swift */; };
		59EE07681E45C94B0086D36D /* CategoryPickerViewController.swift in Sources */ = {isa = PBXBuildFile; fileRef = 59EE07671E45C94B0086D36D /* CategoryPickerViewController.swift */; };
		59F046D61E51EF9C00432319 /* LocationsViewController.swift in Sources */ = {isa = PBXBuildFile; fileRef = 59F046D51E51EF9C00432319 /* LocationsViewController.swift */; };
		59F046D81E51F8C700432319 /* LocationCell.swift in Sources */ = {isa = PBXBuildFile; fileRef = 59F046D71E51F8C700432319 /* LocationCell.swift */; };
		59FB99A91E5C5CE5006B998E /* AppDelegate.swift in Sources */ = {isa = PBXBuildFile; fileRef = 59FB99A81E5C5CE5006B998E /* AppDelegate.swift */; };
		59FB99AB1E5C624F006B998E /* Sound in Resources */ = {isa = PBXBuildFile; fileRef = 59FB99AA1E5C624F006B998E /* Sound */; };
		59FB99AD1E5C64CE006B998E /* CurrentLovationViewController.swift in Sources */ = {isa = PBXBuildFile; fileRef = 59FB99AC1E5C64CE006B998E /* CurrentLovationViewController.swift */; };
/* End PBXBuildFile section */

/* Begin PBXFileReference section */
		592FBFA91E59D0F100209964 /* String +AddText.swift */ = {isa = PBXFileReference; fileEncoding = 4; lastKnownFileType = sourcecode.swift; path = "String +AddText.swift"; sourceTree = "<group>"; };
		592FBFAB1E59E1F000209964 /* MyTabBarController.swift */ = {isa = PBXFileReference; fileEncoding = 4; lastKnownFileType = sourcecode.swift; path = MyTabBarController.swift; sourceTree = "<group>"; };
		592FBFAD1E59E2B500209964 /* MyNavigationController.swift */ = {isa = PBXFileReference; fileEncoding = 4; lastKnownFileType = sourcecode.swift; path = MyNavigationController.swift; sourceTree = "<group>"; };
		592FBFAF1E59E32300209964 /* MyImagePickerController.swift */ = {isa = PBXFileReference; fileEncoding = 4; lastKnownFileType = sourcecode.swift; path = MyImagePickerController.swift; sourceTree = "<group>"; };
		593813FB1E44B63A000EC10B /* LocationDetailsViewController.swift */ = {isa = PBXFileReference; fileEncoding = 4; lastKnownFileType = sourcecode.swift; path = LocationDetailsViewController.swift; sourceTree = "<group>"; };
		59457AEB1E55F021001254C8 /* MapKit.framework */ = {isa = PBXFileReference; lastKnownFileType = wrapper.framework; name = MapKit.framework; path = System/Library/Frameworks/MapKit.framework; sourceTree = SDKROOT; };
		59457AED1E55F101001254C8 /* MapViewController.swift */ = {isa = PBXFileReference; fileEncoding = 4; lastKnownFileType = sourcecode.swift; path = MapViewController.swift; sourceTree = "<group>"; };
		59572E361E50BB8400A6FFFC /* DataModel.xcdatamodel */ = {isa = PBXFileReference; lastKnownFileType = wrapper.xcdatamodel; path = DataModel.xcdatamodel; sourceTree = "<group>"; };
		5973CE551E4243700005EB1D /* MyLocations.app */ = {isa = PBXFileReference; explicitFileType = wrapper.application; includeInIndex = 0; path = MyLocations.app; sourceTree = BUILT_PRODUCTS_DIR; };
		5973CE5F1E4243710005EB1D /* Base */ = {isa = PBXFileReference; lastKnownFileType = file.storyboard; name = Base; path = Base.lproj/Main.storyboard; sourceTree = "<group>"; };
		5973CE611E4243710005EB1D /* Assets.xcassets */ = {isa = PBXFileReference; lastKnownFileType = folder.assetcatalog; path = Assets.xcassets; sourceTree = "<group>"; };
		5973CE661E4243710005EB1D /* Info.plist */ = {isa = PBXFileReference; lastKnownFileType = text.plist.xml; path = Info.plist; sourceTree = "<group>"; };
		59B19C3A1E59C47100FA16AE /* UIImage+Resize.swift */ = {isa = PBXFileReference; fileEncoding = 4; lastKnownFileType = sourcecode.swift; path = "UIImage+Resize.swift"; sourceTree = "<group>"; };
		59BFF3181E4B5D9900E7ADB9 /* HudView.swift */ = {isa = PBXFileReference; fileEncoding = 4; lastKnownFileType = sourcecode.swift; path = HudView.swift; sourceTree = "<group>"; };
		59CE5A4F1E508F7B005C4707 /* Functions.swift */ = {isa = PBXFileReference; fileEncoding = 4; lastKnownFileType = sourcecode.swift; path = Functions.swift; sourceTree = "<group>"; };
		59CE5A581E50B575005C4707 /* Location+CoreDataClass.swift */ = {isa = PBXFileReference; fileEncoding = 4; lastKnownFileType = sourcecode.swift; path = "Location+CoreDataClass.swift"; sourceTree = "<group>"; };
		59CE5A591E50B575005C4707 /* Location+CoreDataProperties.swift */ = {isa = PBXFileReference; fileEncoding = 4; lastKnownFileType = sourcecode.swift; path = "Location+CoreDataProperties.swift"; sourceTree = "<group>"; };
		59EE07671E45C94B0086D36D /* CategoryPickerViewController.swift */ = {isa = PBXFileReference; fileEncoding = 4; lastKnownFileType = sourcecode.swift; path = CategoryPickerViewController.swift; sourceTree = "<group>"; };
		59F046D51E51EF9C00432319 /* LocationsViewController.swift */ = {isa = PBXFileReference; fileEncoding = 4; lastKnownFileType = sourcecode.swift; path = LocationsViewController.swift; sourceTree = "<group>"; };
		59F046D71E51F8C700432319 /* LocationCell.swift */ = {isa = PBXFileReference; fileEncoding = 4; lastKnownFileType = sourcecode.swift; path = LocationCell.swift; sourceTree = "<group>"; };
		59FB99A81E5C5CE5006B998E /* AppDelegate.swift */ = {isa = PBXFileReference; fileEncoding = 4; lastKnownFileType = sourcecode.swift; path = AppDelegate.swift; sourceTree = "<group>"; };
		59FB99AA1E5C624F006B998E /* Sound */ = {isa = PBXFileReference; lastKnownFileType = folder; name = Sound; path = "../../../../../Desktop/Raywenderlich The iOS Apprentice 5th Edition/The iOS Apprentice 3 - MyLocations/Resources/Sound"; sourceTree = "<group>"; };
		59FB99AC1E5C64CE006B998E /* CurrentLovationViewController.swift */ = {isa = PBXFileReference; fileEncoding = 4; lastKnownFileType = sourcecode.swift; path = CurrentLovationViewController.swift; sourceTree = "<group>"; };
/* End PBXFileReference section */

/* Begin PBXFrameworksBuildPhase section */
		5973CE521E4243700005EB1D /* Frameworks */ = {
			isa = PBXFrameworksBuildPhase;
			buildActionMask = 2147483647;
			files = (
				59457AEC1E55F021001254C8 /* MapKit.framework in Frameworks */,
			);
			runOnlyForDeploymentPostprocessing = 0;
		};
/* End PBXFrameworksBuildPhase section */

/* Begin PBXGroup section */
		59457AEA1E55F021001254C8 /* Frameworks */ = {
			isa = PBXGroup;
			children = (
				59457AEB1E55F021001254C8 /* MapKit.framework */,
			);
			name = Frameworks;
			sourceTree = "<group>";
		};
		5973CE4C1E4243700005EB1D = {
			isa = PBXGroup;
			children = (
				5973CE571E4243700005EB1D /* MyLocations */,
				5973CE561E4243700005EB1D /* Products */,
				59457AEA1E55F021001254C8 /* Frameworks */,
			);
			sourceTree = "<group>";
		};
		5973CE561E4243700005EB1D /* Products */ = {
			isa = PBXGroup;
			children = (
				5973CE551E4243700005EB1D /* MyLocations.app */,
			);
			name = Products;
			sourceTree = "<group>";
		};
		5973CE571E4243700005EB1D /* MyLocations */ = {
			isa = PBXGroup;
			children = (
				59FB99AA1E5C624F006B998E /* Sound */,
				59CE5A581E50B575005C4707 /* Location+CoreDataClass.swift */,
				59CE5A591E50B575005C4707 /* Location+CoreDataProperties.swift */,
				5973CE5E1E4243710005EB1D /* Main.storyboard */,
				5973CE611E4243710005EB1D /* Assets.xcassets */,
				5973CE661E4243710005EB1D /* Info.plist */,
				593813FB1E44B63A000EC10B /* LocationDetailsViewController.swift */,
				59EE07671E45C94B0086D36D /* CategoryPickerViewController.swift */,
				59BFF3181E4B5D9900E7ADB9 /* HudView.swift */,
				59CE5A4F1E508F7B005C4707 /* Functions.swift */,
				59572E351E50BB8400A6FFFC /* DataModel.xcdatamodeld */,
				59F046D51E51EF9C00432319 /* LocationsViewController.swift */,
				59F046D71E51F8C700432319 /* LocationCell.swift */,
				59457AED1E55F101001254C8 /* MapViewController.swift */,
				59B19C3A1E59C47100FA16AE /* UIImage+Resize.swift */,
				592FBFA91E59D0F100209964 /* String +AddText.swift */,
				592FBFAB1E59E1F000209964 /* MyTabBarController.swift */,
				592FBFAD1E59E2B500209964 /* MyNavigationController.swift */,
				592FBFAF1E59E32300209964 /* MyImagePickerController.swift */,
				59FB99A81E5C5CE5006B998E /* AppDelegate.swift */,
				59FB99AC1E5C64CE006B998E /* CurrentLovationViewController.swift */,
			);
			path = MyLocations;
			sourceTree = "<group>";
		};
/* End PBXGroup section */

/* Begin PBXNativeTarget section */
		5973CE541E4243700005EB1D /* MyLocations */ = {
			isa = PBXNativeTarget;
			buildConfigurationList = 5973CE691E4243710005EB1D /* Build configuration list for PBXNativeTarget "MyLocations" */;
			buildPhases = (
				5973CE511E4243700005EB1D /* Sources */,
				5973CE521E4243700005EB1D /* Frameworks */,
				5973CE531E4243700005EB1D /* Resources */,
			);
			buildRules = (
			);
			dependencies = (
			);
			name = MyLocations;
			productName = MyLocations;
			productReference = 5973CE551E4243700005EB1D /* MyLocations.app */;
			productType = "com.apple.product-type.application";
		};
/* End PBXNativeTarget section */

/* Begin PBXProject section */
		5973CE4D1E4243700005EB1D /* Project object */ = {
			isa = PBXProject;
			attributes = {
				LastSwiftUpdateCheck = 0820;
				LastUpgradeCheck = 0820;
				ORGANIZATIONNAME = "Eugene Uskov";
				TargetAttributes = {
					5973CE541E4243700005EB1D = {
						CreatedOnToolsVersion = 8.2.1;
						DevelopmentTeam = JG6XLKQWPB;
						ProvisioningStyle = Automatic;
						SystemCapabilities = {
							com.apple.Maps.iOS = {
								enabled = 1;
							};
						};
					};
				};
			};
			buildConfigurationList = 5973CE501E4243700005EB1D /* Build configuration list for PBXProject "MyLocations" */;
			compatibilityVersion = "Xcode 3.2";
			developmentRegion = English;
			hasScannedForEncodings = 0;
			knownRegions = (
				en,
				Base,
			);
			mainGroup = 5973CE4C1E4243700005EB1D;
			productRefGroup = 5973CE561E4243700005EB1D /* Products */;
			projectDirPath = "";
			projectRoot = "";
			targets = (
				5973CE541E4243700005EB1D /* MyLocations */,
			);
		};
/* End PBXProject section */

/* Begin PBXResourcesBuildPhase section */
		5973CE531E4243700005EB1D /* Resources */ = {
			isa = PBXResourcesBuildPhase;
			buildActionMask = 2147483647;
			files = (
				5973CE621E4243710005EB1D /* Assets.xcassets in Resources */,
				59FB99AB1E5C624F006B998E /* Sound in Resources */,
				5973CE601E4243710005EB1D /* Main.storyboard in Resources */,
			);
			runOnlyForDeploymentPostprocessing = 0;
		};
/* End PBXResourcesBuildPhase section */

/* Begin PBXSourcesBuildPhase section */
		5973CE511E4243700005EB1D /* Sources */ = {
			isa = PBXSourcesBuildPhase;
			buildActionMask = 2147483647;
			files = (
				59FB99AD1E5C64CE006B998E /* CurrentLovationViewController.swift in Sources */,
				593813FC1E44B63A000EC10B /* LocationDetailsViewController.swift in Sources */,
				592FBFAE1E59E2B500209964 /* MyNavigationController.swift in Sources */,
				59572E371E50BB8400A6FFFC /* DataModel.xcdatamodeld in Sources */,
				592FBFB01E59E32300209964 /* MyImagePickerController.swift in Sources */,
				592FBFAA1E59D0F100209964 /* String +AddText.swift in Sources */,
				59BFF3191E4B5D9900E7ADB9 /* HudView.swift in Sources */,
				59F046D61E51EF9C00432319 /* LocationsViewController.swift in Sources */,
				59CE5A5B1E50B575005C4707 /* Location+CoreDataProperties.swift in Sources */,
				59457AEE1E55F101001254C8 /* MapViewController.swift in Sources */,
				59F046D81E51F8C700432319 /* LocationCell.swift in Sources */,
				59CE5A501E508F7B005C4707 /* Functions.swift in Sources */,
				59B19C3B1E59C47100FA16AE /* UIImage+Resize.swift in Sources */,
				59FB99A91E5C5CE5006B998E /* AppDelegate.swift in Sources */,
				59CE5A5A1E50B575005C4707 /* Location+CoreDataClass.swift in Sources */,
				59EE07681E45C94B0086D36D /* CategoryPickerViewController.swift in Sources */,
				592FBFAC1E59E1F000209964 /* MyTabBarController.swift in Sources */,
			);
			runOnlyForDeploymentPostprocessing = 0;
		};
/* End PBXSourcesBuildPhase section */

/* Begin PBXVariantGroup section */
		5973CE5E1E4243710005EB1D /* Main.storyboard */ = {
			isa = PBXVariantGroup;
			children = (
				5973CE5F1E4243710005EB1D /* Base */,
			);
			name = Main.storyboard;
			sourceTree = "<group>";
		};
/* End PBXVariantGroup section */

/* Begin XCBuildConfiguration section */
		5973CE671E4243710005EB1D /* Debug */ = {
			isa = XCBuildConfiguration;
			buildSettings = {
				ALWAYS_SEARCH_USER_PATHS = NO;
				CLANG_ANALYZER_NONNULL = YES;
				CLANG_CXX_LANGUAGE_STANDARD = "gnu++0x";
				CLANG_CXX_LIBRARY = "libc++";
				CLANG_ENABLE_MODULES = YES;
				CLANG_ENABLE_OBJC_ARC = YES;
				CLANG_WARN_BOOL_CONVERSION = YES;
				CLANG_WARN_CONSTANT_CONVERSION = YES;
				CLANG_WARN_DIRECT_OBJC_ISA_USAGE = YES_ERROR;
				CLANG_WARN_DOCUMENTATION_COMMENTS = YES;
				CLANG_WARN_EMPTY_BODY = YES;
				CLANG_WARN_ENUM_CONVERSION = YES;
				CLANG_WARN_INFINITE_RECURSION = YES;
				CLANG_WARN_INT_CONVERSION = YES;
				CLANG_WARN_OBJC_ROOT_CLASS = YES_ERROR;
				CLANG_WARN_SUSPICIOUS_MOVE = YES;
				CLANG_WARN_UNREACHABLE_CODE = YES;
				CLANG_WARN__DUPLICATE_METHOD_MATCH = YES;
				"CODE_SIGN_IDENTITY[sdk=iphoneos*]" = "iPhone Developer";
				COPY_PHASE_STRIP = NO;
				DEBUG_INFORMATION_FORMAT = dwarf;
				ENABLE_STRICT_OBJC_MSGSEND = YES;
				ENABLE_TESTABILITY = YES;
				GCC_C_LANGUAGE_STANDARD = gnu99;
				GCC_DYNAMIC_NO_PIC = NO;
				GCC_NO_COMMON_BLOCKS = YES;
				GCC_OPTIMIZATION_LEVEL = 0;
				GCC_PREPROCESSOR_DEFINITIONS = (
					"DEBUG=1",
					"$(inherited)",
				);
				GCC_WARN_64_TO_32_BIT_CONVERSION = YES;
				GCC_WARN_ABOUT_RETURN_TYPE = YES_ERROR;
				GCC_WARN_UNDECLARED_SELECTOR = YES;
				GCC_WARN_UNINITIALIZED_AUTOS = YES_AGGRESSIVE;
				GCC_WARN_UNUSED_FUNCTION = YES;
				GCC_WARN_UNUSED_VARIABLE = YES;
				IPHONEOS_DEPLOYMENT_TARGET = 10.2;
				MTL_ENABLE_DEBUG_INFO = YES;
				ONLY_ACTIVE_ARCH = YES;
				SDKROOT = iphoneos;
				SWIFT_ACTIVE_COMPILATION_CONDITIONS = DEBUG;
				SWIFT_OPTIMIZATION_LEVEL = "-Onone";
			};
			name = Debug;
		};
		5973CE681E4243710005EB1D /* Release */ = {
			isa = XCBuildConfiguration;
			buildSettings = {
				ALWAYS_SEARCH_USER_PATHS = NO;
				CLANG_ANALYZER_NONNULL = YES;
				CLANG_CXX_LANGUAGE_STANDARD = "gnu++0x";
				CLANG_CXX_LIBRARY = "libc++";
				CLANG_ENABLE_MODULES = YES;
				CLANG_ENABLE_OBJC_ARC = YES;
				CLANG_WARN_BOOL_CONVERSION = YES;
				CLANG_WARN_CONSTANT_CONVERSION = YES;
				CLANG_WARN_DIRECT_OBJC_ISA_USAGE = YES_ERROR;
				CLANG_WARN_DOCUMENTATION_COMMENTS = YES;
				CLANG_WARN_EMPTY_BODY = YES;
				CLANG_WARN_ENUM_CONVERSION = YES;
				CLANG_WARN_INFINITE_RECURSION = YES;
				CLANG_WARN_INT_CONVERSION = YES;
				CLANG_WARN_OBJC_ROOT_CLASS = YES_ERROR;
				CLANG_WARN_SUSPICIOUS_MOVE = YES;
				CLANG_WARN_UNREACHABLE_CODE = YES;
				CLANG_WARN__DUPLICATE_METHOD_MATCH = YES;
				"CODE_SIGN_IDENTITY[sdk=iphoneos*]" = "iPhone Developer";
				COPY_PHASE_STRIP = NO;
				DEBUG_INFORMATION_FORMAT = "dwarf-with-dsym";
				ENABLE_NS_ASSERTIONS = NO;
				ENABLE_STRICT_OBJC_MSGSEND = YES;
				GCC_C_LANGUAGE_STANDARD = gnu99;
				GCC_NO_COMMON_BLOCKS = YES;
				GCC_WARN_64_TO_32_BIT_CONVERSION = YES;
				GCC_WARN_ABOUT_RETURN_TYPE = YES_ERROR;
				GCC_WARN_UNDECLARED_SELECTOR = YES;
				GCC_WARN_UNINITIALIZED_AUTOS = YES_AGGRESSIVE;
				GCC_WARN_UNUSED_FUNCTION = YES;
				GCC_WARN_UNUSED_VARIABLE = YES;
				IPHONEOS_DEPLOYMENT_TARGET = 10.2;
				MTL_ENABLE_DEBUG_INFO = NO;
				SDKROOT = iphoneos;
				SWIFT_OPTIMIZATION_LEVEL = "-Owholemodule";
				VALIDATE_PRODUCT = YES;
			};
			name = Release;
		};
		5973CE6A1E4243710005EB1D /* Debug */ = {
			isa = XCBuildConfiguration;
			buildSettings = {
				ASSETCATALOG_COMPILER_APPICON_NAME = AppIcon;
				ASSETCATALOG_COMPILER_LAUNCHIMAGE_NAME = LaunchImage;
				DEVELOPMENT_TEAM = JG6XLKQWPB;
				INFOPLIST_FILE = MyLocations/Info.plist;
				LD_RUNPATH_SEARCH_PATHS = "$(inherited) @executable_path/Frameworks";
				PRODUCT_BUNDLE_IDENTIFIER = "Eugene-Uskov.MyLocations";
				PRODUCT_NAME = "$(TARGET_NAME)";
				SWIFT_VERSION = 3.0;
			};
			name = Debug;
		};
		5973CE6B1E4243710005EB1D /* Release */ = {
			isa = XCBuildConfiguration;
			buildSettings = {
				ASSETCATALOG_COMPILER_APPICON_NAME = AppIcon;
				ASSETCATALOG_COMPILER_LAUNCHIMAGE_NAME = LaunchImage;
				DEVELOPMENT_TEAM = JG6XLKQWPB;
				INFOPLIST_FILE = MyLocations/Info.plist;
				LD_RUNPATH_SEARCH_PATHS = "$(inherited) @executable_path/Frameworks";
				PRODUCT_BUNDLE_IDENTIFIER = "Eugene-Uskov.MyLocations";
				PRODUCT_NAME = "$(TARGET_NAME)";
				SWIFT_VERSION = 3.0;
			};
			name = Release;
		};
/* End XCBuildConfiguration section */

/* Begin XCConfigurationList section */
		5973CE501E4243700005EB1D /* Build configuration list for PBXProject "MyLocations" */ = {
			isa = XCConfigurationList;
			buildConfigurations = (
				5973CE671E4243710005EB1D /* Debug */,
				5973CE681E4243710005EB1D /* Release */,
			);
			defaultConfigurationIsVisible = 0;
			defaultConfigurationName = Release;
		};
		5973CE691E4243710005EB1D /* Build configuration list for PBXNativeTarget "MyLocations" */ = {
			isa = XCConfigurationList;
			buildConfigurations = (
				5973CE6A1E4243710005EB1D /* Debug */,
				5973CE6B1E4243710005EB1D /* Release */,
			);
			defaultConfigurationIsVisible = 0;
			defaultConfigurationName = Release;
		};
/* End XCConfigurationList section */

/* Begin XCVersionGroup section */
		59572E351E50BB8400A6FFFC /* DataModel.xcdatamodeld */ = {
			isa = XCVersionGroup;
			children = (
				59572E361E50BB8400A6FFFC /* DataModel.xcdatamodel */,
			);
			currentVersion = 59572E361E50BB8400A6FFFC /* DataModel.xcdatamodel */;
			path = DataModel.xcdatamodeld;
			sourceTree = "<group>";
			versionGroupType = wrapper.xcdatamodel;
		};
/* End XCVersionGroup section */
	};
	rootObject = 5973CE4D1E4243700005EB1D /* Project object */;
}
